{
  "version": 4,
  "terraform_version": "1.9.4",
  "serial": 128,
  "lineage": "61b5dba1-1284-e0a6-719b-f1d203942aa2",
  "outputs": {},
  "resources": [
    {
      "mode": "managed",
      "type": "humanitec_resource_definition",
      "name": "resource_group",
      "provider": "provider[\"registry.terraform.io/humanitec/humanitec\"]",
      "instances": [
        {
          "schema_version": 0,
          "attributes": {
            "driver_account": "quickstart-azure",
            "driver_inputs": {
              "secret_refs": "{\"terraform\":{\"tokens\":{\"app_terraform_io\":{\"ref\":\"orgs/piloto/resources/defs/resourcegroup/driver_secrets/terraform/tokens/app_terraform_io/.value\",\"store\":\"humanitec\",\"version\":\"21\"}}}}",
              "secrets_string": "{\"terraform\":{\"tokens\":{\"app_terraform_io\":\"gnCbsFyjFuE9BQ.atlasv1.Alq1J2JTyEGtlCvpyC1VnowUiH9tyr5zdSoASQUcodqnAsNQpvA7KiwXvbJBX6qYA3k\"}}}",
              "values_string": "{\"files\":{\".gitconfig\":\"[url \\\"https://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@github.com/\\\"]\\n  insteadOf = https://github.com/\\ngit\\n\",\"provider.tf\":\"provider \\\"azurerm\\\" {\\n  features {}\\n  client_id     = \\\"dce55e2f-ce0e-4314-99c0-043388ef6ecf\\\"\\n  client_secret = \\\"moO8Q~rb-g_BJmI4cPB2AxUj6JS_3YGBKU-JmcUY\\\"\\n  subscription_id = \\\"84c846a7-3273-4925-be8c-a43f407fa842\\\"\\n  tenant_id = \\\"f8d886ff-2097-4c25-96a8-6dc1a287954d\\\"\\n}\\n\",\"terraformcloud.tf\":\"terraform {\\n  required_providers {\\n    azurerm = {\\n      version = \\\"3.116.0\\\"\\n      source  = \\\"hashicorp/azurerm\\\"\\n    }\\n  }\\n  cloud {\\n    organization = \\\"Fernandinho\\\"\\n    workspaces {\\n      name = \\\"workspace-${context.app.id}\\\"\\n    }\\n  }\\n}\\n\"},\"runner_mode\":\"managed\",\"source\":{\"rev\":\"refs/heads/dev\",\"url\":\"https://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@github.com/vvrepo/teste-esteira.git\"},\"variables\":{\"location\":\"brazilsouth\",\"name\":\"rgdv${context.app.id}\"}}"
            },
            "driver_type": "humanitec/terraform",
            "force_delete": false,
            "id": "resourcegroup",
            "name": "resource_group",
            "provision": null,
            "timeouts": null,
            "type": "base-env"
          },
          "sensitive_attributes": [
            [
              {
                "type": "get_attr",
                "value": "driver_inputs"
              },
              {
                "type": "get_attr",
                "value": "secret_refs"
              }
            ],
            [
              {
                "type": "get_attr",
                "value": "driver_inputs"
              },
              {
                "type": "get_attr",
                "value": "secrets_string"
              }
            ]
          ]
        }
      ]
    },
    {
      "mode": "managed",
      "type": "humanitec_resource_definition_criteria",
      "name": "this",
      "provider": "provider[\"registry.terraform.io/humanitec/humanitec\"]",
      "instances": [
        {
          "schema_version": 0,
          "attributes": {
            "app_id": "quickstart",
            "class": "default",
            "env_id": null,
            "env_type": null,
            "force_delete": false,
            "id": "25eeec143190b906",
            "res_id": null,
            "resource_definition_id": "resourcegroup",
            "timeouts": null
          },
          "sensitive_attributes": [],
          "dependencies": [
            "humanitec_resource_definition.resource_group"
          ]
        }
      ]
    }
  ],
  "check_results": null
}
